
Microsoft Visual Studio Solution File, Format Version 12.00
# Visual Studio 14
VisualStudioVersion = 14.0.25123.0
MinimumVisualStudioVersion = 10.0.40219.1
Project("{FAE04EC0-301F-11D3-BF4B-00C04F79EFBC}") = "FeedAnalyzer.FeedReader", "FeedAnalyzer.FeedReader\FeedAnalyzer.FeedReader.csproj", "{44E9513C-BD4B-4B45-BD4D-C77D044E7B0F}"
EndProject
Project("{FAE04EC0-301F-11D3-BF4B-00C04F79EFBC}") = "FeedAnalyzer.Test", "FeedAnalyzer.Test\FeedAnalyzer.Test.csproj", "{6C7F4BF8-3B2D-47B7-B87B-6D8497F8E739}"
EndProject
Project("{FAE04EC0-301F-11D3-BF4B-00C04F79EFBC}") = "FeedAnalyzer.Interface", "FeedAnalyzer.Interface\FeedAnalyzer.Interface.csproj", "{6E983306-4C67-4029-863A-581D60FD9E57}"
EndProject
Project("{FAE04EC0-301F-11D3-BF4B-00C04F79EFBC}") = "FeedAnalyzer.Domain", "FeedAnalyzer.Domain\FeedAnalyzer.Domain.csproj", "{40AD34D0-EB35-4AFB-AE4A-E57E463A0AD6}"
EndProject
Project("{FAE04EC0-301F-11D3-BF4B-00C04F79EFBC}") = "FeedAnalyzer.Console", "FeedAnalyzer.Console\FeedAnalyzer.Console.csproj", "{6D2CF76C-3ECA-4EAB-B9B9-90DB48E003B5}"
EndProject
Global
	GlobalSection(SolutionConfigurationPlatforms) = preSolution
		Debug|Any CPU = Debug|Any CPU
		Release|Any CPU = Release|Any CPU
	EndGlobalSection
	GlobalSection(ProjectConfigurationPlatforms) = postSolution
		{44E9513C-BD4B-4B45-BD4D-C77D044E7B0F}.Debug|Any CPU.ActiveCfg = Debug|Any CPU
		{44E9513C-BD4B-4B45-BD4D-C77D044E7B0F}.Debug|Any CPU.Build.0 = Debug|Any CPU
		{44E9513C-BD4B-4B45-BD4D-C77D044E7B0F}.Release|Any CPU.ActiveCfg = Release|Any CPU
		{44E9513C-BD4B-4B45-BD4D-C77D044E7B0F}.Release|Any CPU.Build.0 = Release|Any CPU
		{6C7F4BF8-3B2D-47B7-B87B-6D8497F8E739}.Debug|Any CPU.ActiveCfg = Debug|Any CPU
		{6C7F4BF8-3B2D-47B7-B87B-6D8497F8E739}.Debug|Any CPU.Build.0 = Debug|Any CPU
		{6C7F4BF8-3B2D-47B7-B87B-6D8497F8E739}.Release|Any CPU.ActiveCfg = Release|Any CPU
		{6C7F4BF8-3B2D-47B7-B87B-6D8497F8E739}.Release|Any CPU.Build.0 = Release|Any CPU
		{6E983306-4C67-4029-863A-581D60FD9E57}.Debug|Any CPU.ActiveCfg = Debug|Any CPU
		{6E983306-4C67-4029-863A-581D60FD9E57}.Debug|Any CPU.Build.0 = Debug|Any CPU
		{6E983306-4C67-4029-863A-581D60FD9E57}.Release|Any CPU.ActiveCfg = Release|Any CPU
		{6E983306-4C67-4029-863A-581D60FD9E57}.Release|Any CPU.Build.0 = Release|Any CPU
		{40AD34D0-EB35-4AFB-AE4A-E57E463A0AD6}.Debug|Any CPU.ActiveCfg = Debug|Any CPU
		{40AD34D0-EB35-4AFB-AE4A-E57E463A0AD6}.Debug|Any CPU.Build.0 = Debug|Any CPU
		{40AD34D0-EB35-4AFB-AE4A-E57E463A0AD6}.Release|Any CPU.ActiveCfg = Release|Any CPU
		{40AD34D0-EB35-4AFB-AE4A-E57E463A0AD6}.Release|Any CPU.Build.0 = Release|Any CPU
		{6D2CF76C-3ECA-4EAB-B9B9-90DB48E003B5}.Debug|Any CPU.ActiveCfg = Debug|Any CPU
		{6D2CF76C-3ECA-4EAB-B9B9-90DB48E003B5}.Debug|Any CPU.Build.0 = Debug|Any CPU
		{6D2CF76C-3ECA-4EAB-B9B9-90DB48E003B5}.Release|Any CPU.ActiveCfg = Release|Any CPU
		{6D2CF76C-3ECA-4EAB-B9B9-90DB48E003B5}.Release|Any CPU.Build.0 = Release|Any CPU
	EndGlobalSection
	GlobalSection(SolutionProperties) = preSolution
		HideSolutionNode = FALSE
	EndGlobalSection
EndGlobal
